
Microsoft Visual Studio Solution File, Format Version 11.00
# Visual Studio 2010
Project("{FAE04EC0-301F-11D3-BF4B-00C04F79EFBC}") = "AstarPathfindingProject", "AstarPathfindingProject.csproj", "{f1fa42ba-a938-25cc-bbda-b1d500c0b4e5}"
EndProject
Project("{FAE04EC0-301F-11D3-BF4B-00C04F79EFBC}") = "Assembly-CSharp", "Assembly-CSharp.csproj", "{31057279-6831-fe76-d3c1-ce6775128a9d}"
EndProject
Project("{FAE04EC0-301F-11D3-BF4B-00C04F79EFBC}") = "AstarPathfindingProjectEditor", "AstarPathfindingProjectEditor.csproj", "{43c43a74-7489-60a8-89be-abc96e9ca9b4}"
EndProject
Project("{FAE04EC0-301F-11D3-BF4B-00C04F79EFBC}") = "PackageToolsEditor", "PackageToolsEditor.csproj", "{40ffe909-044d-815e-eb70-4e81e9c403a9}"
EndProject
Global
	GlobalSection(SolutionConfigurationPlatforms) = preSolution
		Debug|Any CPU = Debug|Any CPU
	EndGlobalSection
	GlobalSection(ProjectConfigurationPlatforms) = postSolution
		{f1fa42ba-a938-25cc-bbda-b1d500c0b4e5}.Debug|Any CPU.ActiveCfg = Debug|Any CPU
		{f1fa42ba-a938-25cc-bbda-b1d500c0b4e5}.Debug|Any CPU.Build.0 = Debug|Any CPU
		{31057279-6831-fe76-d3c1-ce6775128a9d}.Debug|Any CPU.ActiveCfg = Debug|Any CPU
		{31057279-6831-fe76-d3c1-ce6775128a9d}.Debug|Any CPU.Build.0 = Debug|Any CPU
		{43c43a74-7489-60a8-89be-abc96e9ca9b4}.Debug|Any CPU.ActiveCfg = Debug|Any CPU
		{43c43a74-7489-60a8-89be-abc96e9ca9b4}.Debug|Any CPU.Build.0 = Debug|Any CPU
		{40ffe909-044d-815e-eb70-4e81e9c403a9}.Debug|Any CPU.ActiveCfg = Debug|Any CPU
		{40ffe909-044d-815e-eb70-4e81e9c403a9}.Debug|Any CPU.Build.0 = Debug|Any CPU
	EndGlobalSection
	GlobalSection(SolutionProperties) = preSolution
		HideSolutionNode = FALSE
	EndGlobalSection
EndGlobal
